
Microsoft Visual Studio Solution File, Format Version 12.00
# Visual Studio 15
VisualStudioVersion = 15.0.28307.1433
MinimumVisualStudioVersion = 10.0.40219.1
Project("{8BC9CEB8-8B4A-11D0-8D11-00A0C91BC942}") = "栈和队列", "栈和队列\栈和队列.vcxproj", "{3CD18671-BF14-4920-BB64-8B95A6C41196}"
EndProject
Global
	GlobalSection(SolutionConfigurationPlatforms) = preSolution
		Debug|x64 = Debug|x64
		Debug|x86 = Debug|x86
		Release|x64 = Release|x64
		Release|x86 = Release|x86
	EndGlobalSection
	GlobalSection(ProjectConfigurationPlatforms) = postSolution
		{3CD18671-BF14-4920-BB64-8B95A6C41196}.Debug|x64.ActiveCfg = Debug|x64
		{3CD18671-BF14-4920-BB64-8B95A6C41196}.Debug|x64.Build.0 = Debug|x64
		{3CD18671-BF14-4920-BB64-8B95A6C41196}.Debug|x86.ActiveCfg = Debug|Win32
		{3CD18671-BF14-4920-BB64-8B95A6C41196}.Debug|x86.Build.0 = Debug|Win32
		{3CD18671-BF14-4920-BB64-8B95A6C41196}.Release|x64.ActiveCfg = Release|x64
		{3CD18671-BF14-4920-BB64-8B95A6C41196}.Release|x64.Build.0 = Release|x64
		{3CD18671-BF14-4920-BB64-8B95A6C41196}.Release|x86.ActiveCfg = Release|Win32
		{3CD18671-BF14-4920-BB64-8B95A6C41196}.Release|x86.Build.0 = Release|Win32
	EndGlobalSection
	GlobalSection(SolutionProperties) = preSolution
		HideSolutionNode = FALSE
	EndGlobalSection
	GlobalSection(ExtensibilityGlobals) = postSolution
		SolutionGuid = {BF4D2E08-CB37-45FD-A307-304580EE8D20}
	EndGlobalSection
EndGlobal
